
Microsoft Visual Studio Solution File, Format Version 12.00
# Visual Studio Version 16
VisualStudioVersion = 16.0.31112.23
MinimumVisualStudioVersion = 10.0.40219.1
Project("{9A19103F-16F7-4668-BE54-9A1E7A4F7556}") = "ConsoleApp", "ConsoleApp\ConsoleApp.csproj", "{B0681AB8-29A7-4280-959A-58F4B403B3EE}"
EndProject
Project("{2150E333-8FDC-42A3-9474-1A3956D46DE8}") = "Domain", "Domain", "{381ADE73-1B59-4E85-8C9A-B5E8F4405343}"
EndProject
Project("{9A19103F-16F7-4668-BE54-9A1E7A4F7556}") = "DataAccess.Entities", "Domain\DataAccess.Entities\DataAccess.Entities.csproj", "{6F883733-96DD-4971-8431-37536792DC01}"
EndProject
Project("{9A19103F-16F7-4668-BE54-9A1E7A4F7556}") = "DataAccess.Abstractions", "Domain\DataAccess.Abstractions\DataAccess.Abstractions.csproj", "{65F7C18A-413C-4B77-A4B3-7C51C9D3B17F}"
EndProject
Project("{2150E333-8FDC-42A3-9474-1A3956D46DE8}") = "Infrastructure", "Infrastructure", "{C23097DA-B1A0-4831-861A-FB2FDDDE7B11}"
EndProject
Project("{9A19103F-16F7-4668-BE54-9A1E7A4F7556}") = "DataAccess.EntityFramework", "Infrastructure\DataAccess.EntityFramework\DataAccess.EntityFramework.csproj", "{9BC3FCE1-B3C0-4442-B1F4-494023198BD4}"
EndProject
Project("{2150E333-8FDC-42A3-9474-1A3956D46DE8}") = "Common", "Common", "{040800C3-2525-4F40-B4BD-F21F16372470}"
EndProject
Project("{9A19103F-16F7-4668-BE54-9A1E7A4F7556}") = "DataAccess.Implementations", "Common\DataAccess.Implementations\DataAccess.Implementations.csproj", "{7912A9F7-FAA4-41BE-A454-D2E1C5476D92}"
EndProject
Global
	GlobalSection(SolutionConfigurationPlatforms) = preSolution
		Debug|Any CPU = Debug|Any CPU
		Release|Any CPU = Release|Any CPU
	EndGlobalSection
	GlobalSection(ProjectConfigurationPlatforms) = postSolution
		{B0681AB8-29A7-4280-959A-58F4B403B3EE}.Debug|Any CPU.ActiveCfg = Debug|Any CPU
		{B0681AB8-29A7-4280-959A-58F4B403B3EE}.Debug|Any CPU.Build.0 = Debug|Any CPU
		{B0681AB8-29A7-4280-959A-58F4B403B3EE}.Release|Any CPU.ActiveCfg = Release|Any CPU
		{B0681AB8-29A7-4280-959A-58F4B403B3EE}.Release|Any CPU.Build.0 = Release|Any CPU
		{6F883733-96DD-4971-8431-37536792DC01}.Debug|Any CPU.ActiveCfg = Debug|Any CPU
		{6F883733-96DD-4971-8431-37536792DC01}.Debug|Any CPU.Build.0 = Debug|Any CPU
		{6F883733-96DD-4971-8431-37536792DC01}.Release|Any CPU.ActiveCfg = Release|Any CPU
		{6F883733-96DD-4971-8431-37536792DC01}.Release|Any CPU.Build.0 = Release|Any CPU
		{65F7C18A-413C-4B77-A4B3-7C51C9D3B17F}.Debug|Any CPU.ActiveCfg = Debug|Any CPU
		{65F7C18A-413C-4B77-A4B3-7C51C9D3B17F}.Debug|Any CPU.Build.0 = Debug|Any CPU
		{65F7C18A-413C-4B77-A4B3-7C51C9D3B17F}.Release|Any CPU.ActiveCfg = Release|Any CPU
		{65F7C18A-413C-4B77-A4B3-7C51C9D3B17F}.Release|Any CPU.Build.0 = Release|Any CPU
		{9BC3FCE1-B3C0-4442-B1F4-494023198BD4}.Debug|Any CPU.ActiveCfg = Debug|Any CPU
		{9BC3FCE1-B3C0-4442-B1F4-494023198BD4}.Debug|Any CPU.Build.0 = Debug|Any CPU
		{9BC3FCE1-B3C0-4442-B1F4-494023198BD4}.Release|Any CPU.ActiveCfg = Release|Any CPU
		{9BC3FCE1-B3C0-4442-B1F4-494023198BD4}.Release|Any CPU.Build.0 = Release|Any CPU
		{7912A9F7-FAA4-41BE-A454-D2E1C5476D92}.Debug|Any CPU.ActiveCfg = Debug|Any CPU
		{7912A9F7-FAA4-41BE-A454-D2E1C5476D92}.Debug|Any CPU.Build.0 = Debug|Any CPU
		{7912A9F7-FAA4-41BE-A454-D2E1C5476D92}.Release|Any CPU.ActiveCfg = Release|Any CPU
		{7912A9F7-FAA4-41BE-A454-D2E1C5476D92}.Release|Any CPU.Build.0 = Release|Any CPU
	EndGlobalSection
	GlobalSection(SolutionProperties) = preSolution
		HideSolutionNode = FALSE
	EndGlobalSection
	GlobalSection(NestedProjects) = preSolution
		{6F883733-96DD-4971-8431-37536792DC01} = {381ADE73-1B59-4E85-8C9A-B5E8F4405343}
		{65F7C18A-413C-4B77-A4B3-7C51C9D3B17F} = {381ADE73-1B59-4E85-8C9A-B5E8F4405343}
		{9BC3FCE1-B3C0-4442-B1F4-494023198BD4} = {C23097DA-B1A0-4831-861A-FB2FDDDE7B11}
		{7912A9F7-FAA4-41BE-A454-D2E1C5476D92} = {040800C3-2525-4F40-B4BD-F21F16372470}
	EndGlobalSection
	GlobalSection(ExtensibilityGlobals) = postSolution
		SolutionGuid = {44D6B8D4-419E-4948-9F8E-9C295E040EE9}
	EndGlobalSection
EndGlobal
